<?xml version="1.0" encoding="utf-8"?>
<Project ToolsVersion="4.0" xmlns="http://schemas.microsoft.com/developer/msbuild/2003">
  <ItemGroup>
    <ClInclude Include="framework.h" />
    <ClInclude Include="pch.h" />
    <ClInclude Include="CommonNetworkIncludes.h" />
    <ClInclude Include="Serializer.h" />
    <ClInclude Include="Packet.h" />
    <ClInclude Include="MessagesTypes.h" />
    <ClInclude Include="ExportDefines.h" />
    <ClInclude Include="Socket.h">
      <Filter>Socket</Filter>
    </ClInclude>
    <ClInclude Include="Peer.h">
      <Filter>Peer</Filter>
    </ClInclude>
    <ClInclude Include="NetMessage.h">
      <Filter>Messages</Filter>
    </ClInclude>
    <ClInclude Include="ConnectionMessage.h">
      <Filter>Messages</Filter>
    </ClInclude>
    <ClInclude Include="HelperMacros.h" />
    <ClInclude Include="SocketDescriptor.h">
      <Filter>Socket</Filter>
    </ClInclude>
    <ClInclude Include="PeerWrapper.h">
      <Filter>Peer</Filter>
    </ClInclude>
    <ClInclude Include="DisconnectMessage.h" />
    <ClInclude Include="Timer.h">
      <Filter>Common</Filter>
    </ClInclude>
    <ClInclude Include="NetworkDiagnostics.h" />
    <ClInclude Include="NetBigMessage.h">
      <Filter>Messages</Filter>
    </ClInclude>
    <ClInclude Include="PeerInfo.h" />
  </ItemGroup>
  <ItemGroup>
    <ClCompile Include="NetworkLibrary.cpp" />
    <ClCompile Include="pch.cpp" />
    <ClCompile Include="Serializer.cpp" />
    <ClCompile Include="Socket.cpp">
      <Filter>Socket</Filter>
    </ClCompile>
    <ClCompile Include="Peer.cpp">
      <Filter>Peer</Filter>
    </ClCompile>
    <ClCompile Include="NetMessage.cpp">
      <Filter>Messages</Filter>
    </ClCompile>
    <ClCompile Include="ConnectionMessage.cpp">
      <Filter>Messages</Filter>
    </ClCompile>
    <ClCompile Include="PeerWrapper.cpp">
      <Filter>Peer</Filter>
    </ClCompile>
    <ClCompile Include="Timer.cpp">
      <Filter>Common</Filter>
    </ClCompile>
    <ClCompile Include="NetBigMessage.cpp">
      <Filter>Messages</Filter>
    </ClCompile>
    <ClCompile Include="DisconnectMessage.cpp">
      <Filter>Messages</Filter>
    </ClCompile>
  </ItemGroup>
  <ItemGroup>
    <Filter Include="Socket">
      <UniqueIdentifier>{f9117f2f-5a0b-4cb4-8bca-3f7df60371ff}</UniqueIdentifier>
    </Filter>
    <Filter Include="Peer">
      <UniqueIdentifier>{bdf95ab4-19b8-46f1-964c-b11e8b36e118}</UniqueIdentifier>
    </Filter>
    <Filter Include="Messages">
      <UniqueIdentifier>{151a7ec7-4269-49e4-83c3-cfedb529e035}</UniqueIdentifier>
    </Filter>
    <Filter Include="Common">
      <UniqueIdentifier>{aae904b7-f139-4ff7-972c-21b667b6d942}</UniqueIdentifier>
    </Filter>
  </ItemGroup>
</Project>